
Microsoft Visual Studio Solution File, Format Version 12.00
# Visual Studio Version 17
VisualStudioVersion = 17.5.33414.496
MinimumVisualStudioVersion = 10.0.40219.1
Project("{9A19103F-16F7-4668-BE54-9A1E7A4F7556}") = "HYT.APP.WPF", "HYT.APP.WPF\HYT.APP.WPF.csproj", "{91544A20-9A64-42AA-9DCD-660D18770174}"
EndProject
Project("{9A19103F-16F7-4668-BE54-9A1E7A4F7556}") = "HYT.DataAccess", "HYT.DataAccess\HYT.DataAccess.csproj", "{CDE54200-CBF8-4155-98B8-DBF43AB19BD2}"
EndProject
Project("{9A19103F-16F7-4668-BE54-9A1E7A4F7556}") = "HYT.Unity", "HYT.Unity\HYT.Unity.csproj", "{A35BD6B8-5235-47E6-8FF8-B1CEC0E02306}"
EndProject
Project("{9A19103F-16F7-4668-BE54-9A1E7A4F7556}") = "HYT.Test.WPF", "HYT.Test.WPF\HYT.Test.WPF.csproj", "{E93C8804-E398-4F47-8D2B-1C2BAFC3461D}"
EndProject
Project("{9A19103F-16F7-4668-BE54-9A1E7A4F7556}") = "CL.Common", "CL.Common\CL.Common.csproj", "{8850F0C0-841A-4C37-9C14-C51F5AD0F341}"
EndProject
Project("{9A19103F-16F7-4668-BE54-9A1E7A4F7556}") = "HYT.MidiManager", "HYT.MidiManager\HYT.MidiManager.csproj", "{FEE0BB73-C5AF-4D2D-A713-D7A93DF94774}"
EndProject
Project("{FAE04EC0-301F-11D3-BF4B-00C04F79EFBC}") = "HYT.Test.Console", "HYT.Test.Console\HYT.Test.Console.csproj", "{393B8E46-105E-4FC6-ADC7-F54616D39F54}"
EndProject
Global
	GlobalSection(SolutionConfigurationPlatforms) = preSolution
		Debug|Any CPU = Debug|Any CPU
		Debug|x64 = Debug|x64
		Release|Any CPU = Release|Any CPU
		Release|x64 = Release|x64
	EndGlobalSection
	GlobalSection(ProjectConfigurationPlatforms) = postSolution
		{91544A20-9A64-42AA-9DCD-660D18770174}.Debug|Any CPU.ActiveCfg = Debug|Any CPU
		{91544A20-9A64-42AA-9DCD-660D18770174}.Debug|Any CPU.Build.0 = Debug|Any CPU
		{91544A20-9A64-42AA-9DCD-660D18770174}.Debug|x64.ActiveCfg = Debug|Any CPU
		{91544A20-9A64-42AA-9DCD-660D18770174}.Debug|x64.Build.0 = Debug|Any CPU
		{91544A20-9A64-42AA-9DCD-660D18770174}.Release|Any CPU.ActiveCfg = Release|Any CPU
		{91544A20-9A64-42AA-9DCD-660D18770174}.Release|Any CPU.Build.0 = Release|Any CPU
		{91544A20-9A64-42AA-9DCD-660D18770174}.Release|x64.ActiveCfg = Release|Any CPU
		{91544A20-9A64-42AA-9DCD-660D18770174}.Release|x64.Build.0 = Release|Any CPU
		{CDE54200-CBF8-4155-98B8-DBF43AB19BD2}.Debug|Any CPU.ActiveCfg = Debug|Any CPU
		{CDE54200-CBF8-4155-98B8-DBF43AB19BD2}.Debug|Any CPU.Build.0 = Debug|Any CPU
		{CDE54200-CBF8-4155-98B8-DBF43AB19BD2}.Debug|x64.ActiveCfg = Debug|Any CPU
		{CDE54200-CBF8-4155-98B8-DBF43AB19BD2}.Debug|x64.Build.0 = Debug|Any CPU
		{CDE54200-CBF8-4155-98B8-DBF43AB19BD2}.Release|Any CPU.ActiveCfg = Release|Any CPU
		{CDE54200-CBF8-4155-98B8-DBF43AB19BD2}.Release|Any CPU.Build.0 = Release|Any CPU
		{CDE54200-CBF8-4155-98B8-DBF43AB19BD2}.Release|x64.ActiveCfg = Release|Any CPU
		{CDE54200-CBF8-4155-98B8-DBF43AB19BD2}.Release|x64.Build.0 = Release|Any CPU
		{A35BD6B8-5235-47E6-8FF8-B1CEC0E02306}.Debug|Any CPU.ActiveCfg = Debug|Any CPU
		{A35BD6B8-5235-47E6-8FF8-B1CEC0E02306}.Debug|Any CPU.Build.0 = Debug|Any CPU
		{A35BD6B8-5235-47E6-8FF8-B1CEC0E02306}.Debug|x64.ActiveCfg = Debug|Any CPU
		{A35BD6B8-5235-47E6-8FF8-B1CEC0E02306}.Debug|x64.Build.0 = Debug|Any CPU
		{A35BD6B8-5235-47E6-8FF8-B1CEC0E02306}.Release|Any CPU.ActiveCfg = Release|Any CPU
		{A35BD6B8-5235-47E6-8FF8-B1CEC0E02306}.Release|Any CPU.Build.0 = Release|Any CPU
		{A35BD6B8-5235-47E6-8FF8-B1CEC0E02306}.Release|x64.ActiveCfg = Release|Any CPU
		{A35BD6B8-5235-47E6-8FF8-B1CEC0E02306}.Release|x64.Build.0 = Release|Any CPU
		{E93C8804-E398-4F47-8D2B-1C2BAFC3461D}.Debug|Any CPU.ActiveCfg = Debug|Any CPU
		{E93C8804-E398-4F47-8D2B-1C2BAFC3461D}.Debug|Any CPU.Build.0 = Debug|Any CPU
		{E93C8804-E398-4F47-8D2B-1C2BAFC3461D}.Debug|x64.ActiveCfg = Debug|Any CPU
		{E93C8804-E398-4F47-8D2B-1C2BAFC3461D}.Debug|x64.Build.0 = Debug|Any CPU
		{E93C8804-E398-4F47-8D2B-1C2BAFC3461D}.Release|Any CPU.ActiveCfg = Release|Any CPU
		{E93C8804-E398-4F47-8D2B-1C2BAFC3461D}.Release|Any CPU.Build.0 = Release|Any CPU
		{E93C8804-E398-4F47-8D2B-1C2BAFC3461D}.Release|x64.ActiveCfg = Release|Any CPU
		{E93C8804-E398-4F47-8D2B-1C2BAFC3461D}.Release|x64.Build.0 = Release|Any CPU
		{8850F0C0-841A-4C37-9C14-C51F5AD0F341}.Debug|Any CPU.ActiveCfg = Debug|Any CPU
		{8850F0C0-841A-4C37-9C14-C51F5AD0F341}.Debug|Any CPU.Build.0 = Debug|Any CPU
		{8850F0C0-841A-4C37-9C14-C51F5AD0F341}.Debug|x64.ActiveCfg = Debug|x64
		{8850F0C0-841A-4C37-9C14-C51F5AD0F341}.Debug|x64.Build.0 = Debug|x64
		{8850F0C0-841A-4C37-9C14-C51F5AD0F341}.Release|Any CPU.ActiveCfg = Release|Any CPU
		{8850F0C0-841A-4C37-9C14-C51F5AD0F341}.Release|Any CPU.Build.0 = Release|Any CPU
		{8850F0C0-841A-4C37-9C14-C51F5AD0F341}.Release|x64.ActiveCfg = Release|x64
		{8850F0C0-841A-4C37-9C14-C51F5AD0F341}.Release|x64.Build.0 = Release|x64
		{FEE0BB73-C5AF-4D2D-A713-D7A93DF94774}.Debug|Any CPU.ActiveCfg = Debug|Any CPU
		{FEE0BB73-C5AF-4D2D-A713-D7A93DF94774}.Debug|Any CPU.Build.0 = Debug|Any CPU
		{FEE0BB73-C5AF-4D2D-A713-D7A93DF94774}.Debug|x64.ActiveCfg = Debug|Any CPU
		{FEE0BB73-C5AF-4D2D-A713-D7A93DF94774}.Debug|x64.Build.0 = Debug|Any CPU
		{FEE0BB73-C5AF-4D2D-A713-D7A93DF94774}.Release|Any CPU.ActiveCfg = Release|Any CPU
		{FEE0BB73-C5AF-4D2D-A713-D7A93DF94774}.Release|Any CPU.Build.0 = Release|Any CPU
		{FEE0BB73-C5AF-4D2D-A713-D7A93DF94774}.Release|x64.ActiveCfg = Release|Any CPU
		{FEE0BB73-C5AF-4D2D-A713-D7A93DF94774}.Release|x64.Build.0 = Release|Any CPU
		{393B8E46-105E-4FC6-ADC7-F54616D39F54}.Debug|Any CPU.ActiveCfg = Debug|Any CPU
		{393B8E46-105E-4FC6-ADC7-F54616D39F54}.Debug|Any CPU.Build.0 = Debug|Any CPU
		{393B8E46-105E-4FC6-ADC7-F54616D39F54}.Debug|x64.ActiveCfg = Debug|Any CPU
		{393B8E46-105E-4FC6-ADC7-F54616D39F54}.Debug|x64.Build.0 = Debug|Any CPU
		{393B8E46-105E-4FC6-ADC7-F54616D39F54}.Release|Any CPU.ActiveCfg = Release|Any CPU
		{393B8E46-105E-4FC6-ADC7-F54616D39F54}.Release|Any CPU.Build.0 = Release|Any CPU
		{393B8E46-105E-4FC6-ADC7-F54616D39F54}.Release|x64.ActiveCfg = Release|Any CPU
		{393B8E46-105E-4FC6-ADC7-F54616D39F54}.Release|x64.Build.0 = Release|Any CPU
	EndGlobalSection
	GlobalSection(SolutionProperties) = preSolution
		HideSolutionNode = FALSE
	EndGlobalSection
	GlobalSection(ExtensibilityGlobals) = postSolution
		SolutionGuid = {673818AD-83F8-46A0-9C36-16A531C8DA0D}
	EndGlobalSection
EndGlobal
